
Microsoft Visual Studio Solution File, Format Version 12.00
# Visual Studio Version 17
VisualStudioVersion = 17.7.34003.232
MinimumVisualStudioVersion = 10.0.40219.1
Project("{9A19103F-16F7-4668-BE54-9A1E7A4F7556}") = "BetterCustomizableBoombox", "BetterCustomizableBoombox\BetterCustomizableBoombox.csproj", "{F9BB5DAB-6E97-408E-95F4-13900C486A29}"
EndProject
Global
	GlobalSection(SolutionConfigurationPlatforms) = preSolution
		Debug|Any CPU = Debug|Any CPU
		Release|Any CPU = Release|Any CPU
	EndGlobalSection
	GlobalSection(ProjectConfigurationPlatforms) = postSolution
		{F9BB5DAB-6E97-408E-95F4-13900C486A29}.Debug|Any CPU.ActiveCfg = Debug|Any CPU
		{F9BB5DAB-6E97-408E-95F4-13900C486A29}.Debug|Any CPU.Build.0 = Debug|Any CPU
		{F9BB5DAB-6E97-408E-95F4-13900C486A29}.Release|Any CPU.ActiveCfg = Release|Any CPU
		{F9BB5DAB-6E97-408E-95F4-13900C486A29}.Release|Any CPU.Build.0 = Release|Any CPU
	EndGlobalSection
	GlobalSection(SolutionProperties) = preSolution
		HideSolutionNode = FALSE
	EndGlobalSection
	GlobalSection(ExtensibilityGlobals) = postSolution
		SolutionGuid = {EF80F41F-5C53-4CC3-914B-A1920543FE43}
	EndGlobalSection
EndGlobal
